{
  "version": 4,
  "terraform_version": "1.3.2",
  "serial": 14,
  "lineage": "77f90f09-bf40-b6ce-9c33-32bcb50e5847",
  "outputs": {},
  "resources": [
    {
      "mode": "data",
      "type": "aws_security_group",
      "name": "sg",
      "provider": "provider[\"registry.terraform.io/hashicorp/aws\"]",
      "instances": [
        {
          "schema_version": 0,
          "attributes": {
            "arn": "arn:aws:ec2:us-east-1:216350790660:security-group/sg-030fb0bf9d59e347b",
            "description": "sg for project vpc allow all traffic",
            "filter": [
              {
                "name": "tag:Name",
                "values": [
                  "project_sg"
                ]
              }
            ],
            "id": "sg-030fb0bf9d59e347b",
            "name": "vpc_pr_sg",
            "tags": {
              "Name": "project_sg"
            },
            "timeouts": null,
            "vpc_id": "vpc-04d488737f087d8a1"
          },
          "sensitive_attributes": []
        }
      ]
    },
    {
      "mode": "data",
      "type": "aws_subnets",
      "name": "public_subnets",
      "provider": "provider[\"registry.terraform.io/hashicorp/aws\"]",
      "instances": [
        {
          "schema_version": 0,
          "attributes": {
            "filter": [
              {
                "name": "tag:Name",
                "values": [
                  "public-subnet*"
                ]
              }
            ],
            "id": "us-east-1",
            "ids": [
              "subnet-0616a808a3101c35c",
              "subnet-0e10f828d2f68af7f"
            ],
            "tags": null,
            "timeouts": null
          },
          "sensitive_attributes": []
        }
      ]
    },
    {
      "mode": "data",
      "type": "aws_vpc",
      "name": "vpc_id",
      "provider": "provider[\"registry.terraform.io/hashicorp/aws\"]",
      "instances": [
        {
          "schema_version": 0,
          "attributes": {
            "arn": "arn:aws:ec2:us-east-1:216350790660:vpc/vpc-04d488737f087d8a1",
            "cidr_block": "10.0.0.0/16",
            "cidr_block_associations": [
              {
                "association_id": "vpc-cidr-assoc-0fdd5a1cba7026459",
                "cidr_block": "10.0.0.0/16",
                "state": "associated"
              }
            ],
            "default": false,
            "dhcp_options_id": "dopt-08a68ba4d7331bdd7",
            "enable_dns_hostnames": false,
            "enable_dns_support": true,
            "enable_network_address_usage_metrics": false,
            "filter": [
              {
                "name": "tag:Name",
                "values": [
                  "pro-vpc"
                ]
              }
            ],
            "id": "vpc-04d488737f087d8a1",
            "instance_tenancy": "default",
            "ipv6_association_id": "",
            "ipv6_cidr_block": "",
            "main_route_table_id": "rtb-0d02832f424090b4a",
            "owner_id": "216350790660",
            "state": null,
            "tags": {
              "Name": "pro-vpc"
            },
            "timeouts": null
          },
          "sensitive_attributes": []
        }
      ]
    },
    {
      "mode": "data",
      "type": "template_file",
      "name": "user_data",
      "provider": "provider[\"registry.terraform.io/hashicorp/template\"]",
      "instances": [
        {
          "schema_version": 0,
          "attributes": {
            "filename": null,
            "id": "94720362de87a79dee351562aa9ceb811d82b6e0e87304ecc63a973aed32edde",
            "rendered": "#!/bin/bash -xe\n\n# Setpassword \u0026 DB Variables\nDBName='db_manoj'\nDBUser='admin'\nDBPassword='Admin.1122'\nDBRootPassword='Admin.1122'\nDBEndpoint='terraform-20221229180537100800000001.cmig9u1dawbm.us-east-1.rds.amazonaws.com'\n\n# System Updates\nyum -y update\nyum -y upgrade\n\n# STEP 2 - Install system software - including Web and DB\nyum install -y mariadb-server httpd\namazon-linux-extras install -y lamp-mariadb10.2-php7.2 php7.2\n\n# STEP 3 - Web and DB Servers Online - and set to startup\nsystemctl enable httpd\nsystemctl enable mariadb\nsystemctl start httpd\nsystemctl start mariadb\n\n# STEP 4 - Set Mariadb Root Password\nmysqladmin -u root password $DBRootPassword\n\n# STEP 5 - Install Wordpress\nwget http://wordpress.org/latest.tar.gz -P /var/www/html\ncd /var/www/html\ntar -zxvf latest.tar.gz\ncp -rvf wordpress/* .\nrm -R wordpress\nrm latest.tar.gz\n\n# STEP 6 - Configure Wordpress\ncp ./wp-config-sample.php ./wp-config.php\nsed -i \"s/'database_name_here'/'$DBName'/g\" wp-config.php\nsed -i \"s/'username_here'/'$DBUser'/g\" wp-config.php\nsed -i \"s/'password_here'/'$DBPassword'/g\" wp-config.php\nsed -i \"s/'localhost'/'$DBEndpoint'/g\" wp-config.php\n# Step 6a - permissions \nusermod -a -G apache ec2-user   \nchown -R ec2-user:apache /var/www\nchmod 2775 /var/www\nfind /var/www -type d -exec chmod 2775 {} \\;\nfind /var/www -type f -exec chmod 0664 {} \\;\n\n# STEP 7 Create Wordpress DB\necho \"CREATE DATABASE $DBName;\" \u003e\u003e /tmp/db.setup\necho \"CREATE USER '$DBUser'@'localhost' IDENTIFIED BY '$DBPassword';\" \u003e\u003e /tmp/db.setup\necho \"GRANT ALL ON $DBName.* TO '$DBUser'@'localhost';\" \u003e\u003e /tmp/db.setup\necho \"FLUSH PRIVILEGES;\" \u003e\u003e /tmp/db.setup\nmysql -u root --password=$DBRootPassword \u003c /tmp/db.setup\nsudo rm /tmp/db.setup",
            "template": "#!/bin/bash -xe\n\n# Setpassword \u0026 DB Variables\nDBName='db_manoj'\nDBUser='admin'\nDBPassword='Admin.1122'\nDBRootPassword='Admin.1122'\nDBEndpoint='terraform-20221229180537100800000001.cmig9u1dawbm.us-east-1.rds.amazonaws.com'\n\n# System Updates\nyum -y update\nyum -y upgrade\n\n# STEP 2 - Install system software - including Web and DB\nyum install -y mariadb-server httpd\namazon-linux-extras install -y lamp-mariadb10.2-php7.2 php7.2\n\n# STEP 3 - Web and DB Servers Online - and set to startup\nsystemctl enable httpd\nsystemctl enable mariadb\nsystemctl start httpd\nsystemctl start mariadb\n\n# STEP 4 - Set Mariadb Root Password\nmysqladmin -u root password $DBRootPassword\n\n# STEP 5 - Install Wordpress\nwget http://wordpress.org/latest.tar.gz -P /var/www/html\ncd /var/www/html\ntar -zxvf latest.tar.gz\ncp -rvf wordpress/* .\nrm -R wordpress\nrm latest.tar.gz\n\n# STEP 6 - Configure Wordpress\ncp ./wp-config-sample.php ./wp-config.php\nsed -i \"s/'database_name_here'/'$DBName'/g\" wp-config.php\nsed -i \"s/'username_here'/'$DBUser'/g\" wp-config.php\nsed -i \"s/'password_here'/'$DBPassword'/g\" wp-config.php\nsed -i \"s/'localhost'/'$DBEndpoint'/g\" wp-config.php\n# Step 6a - permissions \nusermod -a -G apache ec2-user   \nchown -R ec2-user:apache /var/www\nchmod 2775 /var/www\nfind /var/www -type d -exec chmod 2775 {} \\;\nfind /var/www -type f -exec chmod 0664 {} \\;\n\n# STEP 7 Create Wordpress DB\necho \"CREATE DATABASE $DBName;\" \u003e\u003e /tmp/db.setup\necho \"CREATE USER '$DBUser'@'localhost' IDENTIFIED BY '$DBPassword';\" \u003e\u003e /tmp/db.setup\necho \"GRANT ALL ON $DBName.* TO '$DBUser'@'localhost';\" \u003e\u003e /tmp/db.setup\necho \"FLUSH PRIVILEGES;\" \u003e\u003e /tmp/db.setup\nmysql -u root --password=$DBRootPassword \u003c /tmp/db.setup\nsudo rm /tmp/db.setup",
            "vars": null
          },
          "sensitive_attributes": []
        }
      ]
    },
    {
      "mode": "managed",
      "type": "aws_autoscaling_group",
      "name": "asg",
      "provider": "provider[\"registry.terraform.io/hashicorp/aws\"]",
      "instances": [
        {
          "schema_version": 0,
          "attributes": {
            "arn": "arn:aws:autoscaling:us-east-1:216350790660:autoScalingGroup:fff236f9-9e3e-467f-a4c9-296171d78362:autoScalingGroupName/my-asg",
            "availability_zones": [
              "us-east-1a",
              "us-east-1b"
            ],
            "capacity_rebalance": false,
            "context": "",
            "default_cooldown": 300,
            "default_instance_warmup": 0,
            "desired_capacity": 2,
            "enabled_metrics": null,
            "force_delete": false,
            "force_delete_warm_pool": false,
            "health_check_grace_period": 300,
            "health_check_type": "EC2",
            "id": "my-asg",
            "initial_lifecycle_hook": [],
            "instance_refresh": [],
            "launch_configuration": "as-lc20221229190904886000000001",
            "launch_template": [],
            "load_balancers": null,
            "max_instance_lifetime": 0,
            "max_size": 4,
            "metrics_granularity": "1Minute",
            "min_elb_capacity": null,
            "min_size": 2,
            "mixed_instances_policy": [],
            "name": "my-asg",
            "name_prefix": "",
            "placement_group": "",
            "protect_from_scale_in": false,
            "service_linked_role_arn": "arn:aws:iam::216350790660:role/aws-service-role/autoscaling.amazonaws.com/AWSServiceRoleForAutoScaling",
            "suspended_processes": null,
            "tag": [
              {
                "key": "Name",
                "propagate_at_launch": true,
                "value": "w/p_app_server"
              }
            ],
            "tags": null,
            "target_group_arns": [
              "arn:aws:elasticloadbalancing:us-east-1:216350790660:targetgroup/my-tg/7e493636c12eb95a"
            ],
            "termination_policies": null,
            "timeouts": null,
            "vpc_zone_identifier": [
              "subnet-0616a808a3101c35c",
              "subnet-0e10f828d2f68af7f"
            ],
            "wait_for_capacity_timeout": "10m",
            "wait_for_elb_capacity": null,
            "warm_pool": []
          },
          "sensitive_attributes": [],
          "private": "eyJlMmJmYjczMC1lY2FhLTExZTYtOGY4OC0zNDM2M2JjN2M0YzAiOnsiZGVsZXRlIjo2MDAwMDAwMDAwMDAsInVwZGF0ZSI6NjAwMDAwMDAwMDAwfX0=",
          "dependencies": [
            "aws_launch_configuration.lc",
            "aws_lb_target_group.tg",
            "data.aws_security_group.sg",
            "data.aws_subnets.public_subnets",
            "data.aws_vpc.vpc_id",
            "data.template_file.user_data"
          ]
        }
      ]
    },
    {
      "mode": "managed",
      "type": "aws_launch_configuration",
      "name": "lc",
      "provider": "provider[\"registry.terraform.io/hashicorp/aws\"]",
      "instances": [
        {
          "schema_version": 0,
          "attributes": {
            "arn": "arn:aws:autoscaling:us-east-1:216350790660:launchConfiguration:09501586-f934-451d-8995-4caaaa28731b:launchConfigurationName/as-lc20221229190904886000000001",
            "associate_public_ip_address": true,
            "ebs_block_device": [],
            "ebs_optimized": false,
            "enable_monitoring": true,
            "ephemeral_block_device": [],
            "iam_instance_profile": "",
            "id": "as-lc20221229190904886000000001",
            "image_id": "ami-0b5eea76982371e91",
            "instance_type": "t2.micro",
            "key_name": "newkey",
            "metadata_options": [],
            "name": "as-lc20221229190904886000000001",
            "name_prefix": "as-lc",
            "placement_tenancy": "",
            "root_block_device": [],
            "security_groups": [
              "sg-030fb0bf9d59e347b"
            ],
            "spot_price": "",
            "user_data": "00827f793692384d3376496272b5abb3193031ab",
            "user_data_base64": null,
            "vpc_classic_link_id": "",
            "vpc_classic_link_security_groups": []
          },
          "sensitive_attributes": [],
          "private": "bnVsbA==",
          "dependencies": [
            "data.aws_security_group.sg",
            "data.template_file.user_data"
          ]
        }
      ]
    },
    {
      "mode": "managed",
      "type": "aws_lb",
      "name": "my-lb",
      "provider": "provider[\"registry.terraform.io/hashicorp/aws\"]",
      "instances": [
        {
          "schema_version": 0,
          "attributes": {
            "access_logs": [
              {
                "bucket": "",
                "enabled": false,
                "prefix": ""
              }
            ],
            "arn": "arn:aws:elasticloadbalancing:us-east-1:216350790660:loadbalancer/app/my-alb/b9a164f71e6c2743",
            "arn_suffix": "app/my-alb/b9a164f71e6c2743",
            "customer_owned_ipv4_pool": "",
            "desync_mitigation_mode": "defensive",
            "dns_name": "my-alb-572124064.us-east-1.elb.amazonaws.com",
            "drop_invalid_header_fields": false,
            "enable_cross_zone_load_balancing": true,
            "enable_deletion_protection": false,
            "enable_http2": true,
            "enable_waf_fail_open": false,
            "id": "arn:aws:elasticloadbalancing:us-east-1:216350790660:loadbalancer/app/my-alb/b9a164f71e6c2743",
            "idle_timeout": 60,
            "internal": false,
            "ip_address_type": "ipv4",
            "load_balancer_type": "application",
            "name": "my-alb",
            "name_prefix": null,
            "preserve_host_header": false,
            "security_groups": [
              "sg-030fb0bf9d59e347b"
            ],
            "subnet_mapping": [
              {
                "allocation_id": "",
                "ipv6_address": "",
                "outpost_id": "",
                "private_ipv4_address": "",
                "subnet_id": "subnet-0616a808a3101c35c"
              },
              {
                "allocation_id": "",
                "ipv6_address": "",
                "outpost_id": "",
                "private_ipv4_address": "",
                "subnet_id": "subnet-0e10f828d2f68af7f"
              }
            ],
            "subnets": [
              "subnet-0616a808a3101c35c",
              "subnet-0e10f828d2f68af7f"
            ],
            "tags": {},
            "tags_all": {},
            "timeouts": null,
            "vpc_id": "vpc-04d488737f087d8a1",
            "zone_id": "Z35SXDOTRQ7X7K"
          },
          "sensitive_attributes": [],
          "private": "eyJlMmJmYjczMC1lY2FhLTExZTYtOGY4OC0zNDM2M2JjN2M0YzAiOnsiY3JlYXRlIjo2MDAwMDAwMDAwMDAsImRlbGV0ZSI6NjAwMDAwMDAwMDAwLCJ1cGRhdGUiOjYwMDAwMDAwMDAwMH19",
          "dependencies": [
            "data.aws_security_group.sg",
            "data.aws_subnets.public_subnets"
          ]
        }
      ]
    },
    {
      "mode": "managed",
      "type": "aws_lb_listener",
      "name": "alb-listener",
      "provider": "provider[\"registry.terraform.io/hashicorp/aws\"]",
      "instances": [
        {
          "schema_version": 0,
          "attributes": {
            "alpn_policy": null,
            "arn": "arn:aws:elasticloadbalancing:us-east-1:216350790660:listener/app/my-alb/b9a164f71e6c2743/c2bb247bd1c38a32",
            "certificate_arn": null,
            "default_action": [
              {
                "authenticate_cognito": [],
                "authenticate_oidc": [],
                "fixed_response": [],
                "forward": [],
                "order": 1,
                "redirect": [],
                "target_group_arn": "arn:aws:elasticloadbalancing:us-east-1:216350790660:targetgroup/my-tg/7e493636c12eb95a",
                "type": "forward"
              }
            ],
            "id": "arn:aws:elasticloadbalancing:us-east-1:216350790660:listener/app/my-alb/b9a164f71e6c2743/c2bb247bd1c38a32",
            "load_balancer_arn": "arn:aws:elasticloadbalancing:us-east-1:216350790660:loadbalancer/app/my-alb/b9a164f71e6c2743",
            "port": 80,
            "protocol": "HTTP",
            "ssl_policy": "",
            "tags": null,
            "tags_all": {},
            "timeouts": null
          },
          "sensitive_attributes": [],
          "private": "eyJlMmJmYjczMC1lY2FhLTExZTYtOGY4OC0zNDM2M2JjN2M0YzAiOnsicmVhZCI6NjAwMDAwMDAwMDAwfX0=",
          "dependencies": [
            "aws_lb.my-lb",
            "aws_lb_target_group.tg",
            "data.aws_security_group.sg",
            "data.aws_subnets.public_subnets",
            "data.aws_vpc.vpc_id"
          ]
        }
      ]
    },
    {
      "mode": "managed",
      "type": "aws_lb_target_group",
      "name": "tg",
      "provider": "provider[\"registry.terraform.io/hashicorp/aws\"]",
      "instances": [
        {
          "schema_version": 0,
          "attributes": {
            "arn": "arn:aws:elasticloadbalancing:us-east-1:216350790660:targetgroup/my-tg/7e493636c12eb95a",
            "arn_suffix": "targetgroup/my-tg/7e493636c12eb95a",
            "connection_termination": false,
            "deregistration_delay": "300",
            "health_check": [
              {
                "enabled": true,
                "healthy_threshold": 5,
                "interval": 30,
                "matcher": "200",
                "path": "/",
                "port": "traffic-port",
                "protocol": "HTTP",
                "timeout": 5,
                "unhealthy_threshold": 2
              }
            ],
            "id": "arn:aws:elasticloadbalancing:us-east-1:216350790660:targetgroup/my-tg/7e493636c12eb95a",
            "ip_address_type": "ipv4",
            "lambda_multi_value_headers_enabled": false,
            "load_balancing_algorithm_type": "round_robin",
            "name": "my-tg",
            "name_prefix": null,
            "port": 80,
            "preserve_client_ip": null,
            "protocol": "HTTP",
            "protocol_version": "HTTP1",
            "proxy_protocol_v2": false,
            "slow_start": 0,
            "stickiness": [
              {
                "cookie_duration": 86400,
                "cookie_name": "",
                "enabled": false,
                "type": "lb_cookie"
              }
            ],
            "tags": null,
            "tags_all": {},
            "target_failover": [
              {
                "on_deregistration": null,
                "on_unhealthy": null
              }
            ],
            "target_type": "instance",
            "vpc_id": "vpc-04d488737f087d8a1"
          },
          "sensitive_attributes": [],
          "private": "bnVsbA==",
          "dependencies": [
            "data.aws_vpc.vpc_id"
          ]
        }
      ]
    }
  ],
  "check_results": []
}
