{
  "version": 4,
  "terraform_version": "1.3.2",
  "serial": 5,
  "lineage": "13a51760-501e-0b46-fea4-1a07a0327030",
  "outputs": {},
  "resources": [
    {
      "mode": "data",
      "type": "aws_security_group",
      "name": "db-sg",
      "provider": "provider[\"registry.terraform.io/hashicorp/aws\"]",
      "instances": [
        {
          "schema_version": 0,
          "attributes": {
            "arn": "arn:aws:ec2:us-east-1:216350790660:security-group/sg-030fb0bf9d59e347b",
            "description": "sg for project vpc allow all traffic",
            "filter": [
              {
                "name": "tag:Name",
                "values": [
                  "project_sg"
                ]
              }
            ],
            "id": "sg-030fb0bf9d59e347b",
            "name": "vpc_pr_sg",
            "tags": {
              "Name": "project_sg"
            },
            "timeouts": null,
            "vpc_id": "vpc-04d488737f087d8a1"
          },
          "sensitive_attributes": []
        }
      ]
    },
    {
      "mode": "data",
      "type": "aws_subnets",
      "name": "available_database_subnets",
      "provider": "provider[\"registry.terraform.io/hashicorp/aws\"]",
      "instances": [
        {
          "schema_version": 0,
          "attributes": {
            "filter": [
              {
                "name": "tag:Name",
                "values": [
                  "database*"
                ]
              }
            ],
            "id": "us-east-1",
            "ids": [
              "subnet-08d49183cb5d31ba7",
              "subnet-0921092a848bf96b2"
            ],
            "tags": null,
            "timeouts": null
          },
          "sensitive_attributes": []
        }
      ]
    },
    {
      "mode": "data",
      "type": "aws_vpc",
      "name": "vpc",
      "provider": "provider[\"registry.terraform.io/hashicorp/aws\"]",
      "instances": [
        {
          "schema_version": 0,
          "attributes": {
            "arn": "arn:aws:ec2:us-east-1:216350790660:vpc/vpc-04d488737f087d8a1",
            "cidr_block": "10.0.0.0/16",
            "cidr_block_associations": [
              {
                "association_id": "vpc-cidr-assoc-0fdd5a1cba7026459",
                "cidr_block": "10.0.0.0/16",
                "state": "associated"
              }
            ],
            "default": false,
            "dhcp_options_id": "dopt-08a68ba4d7331bdd7",
            "enable_dns_hostnames": false,
            "enable_dns_support": true,
            "enable_network_address_usage_metrics": false,
            "filter": [
              {
                "name": "tag:Name",
                "values": [
                  "pro-vpc"
                ]
              }
            ],
            "id": "vpc-04d488737f087d8a1",
            "instance_tenancy": "default",
            "ipv6_association_id": "",
            "ipv6_cidr_block": "",
            "main_route_table_id": "rtb-0d02832f424090b4a",
            "owner_id": "216350790660",
            "state": null,
            "tags": {
              "Name": "pro-vpc"
            },
            "timeouts": null
          },
          "sensitive_attributes": []
        }
      ]
    },
    {
      "mode": "managed",
      "type": "aws_db_subnet_group",
      "name": "db_subnet_group",
      "provider": "provider[\"registry.terraform.io/hashicorp/aws\"]",
      "instances": [
        {
          "schema_version": 0,
          "attributes": {
            "arn": "arn:aws:rds:us-east-1:216350790660:subgrp:sub_group",
            "description": "Managed by Terraform",
            "id": "sub_group",
            "name": "sub_group",
            "name_prefix": "",
            "subnet_ids": [
              "subnet-08d49183cb5d31ba7",
              "subnet-0921092a848bf96b2"
            ],
            "supported_network_types": [
              "IPV4"
            ],
            "tags": {
              "Name": "new_db_subnet_group"
            },
            "tags_all": {
              "Name": "new_db_subnet_group"
            }
          },
          "sensitive_attributes": [],
          "private": "bnVsbA==",
          "dependencies": [
            "data.aws_subnets.available_database_subnets"
          ]
        }
      ]
    }
  ],
  "check_results": []
}
